
Microsoft Visual Studio Solution File, Format Version 12.00
# Visual Studio Version 16
VisualStudioVersion = 16.0.29020.237
MinimumVisualStudioVersion = 10.0.40219.1
Project("{FAE04EC0-301F-11D3-BF4B-00C04F79EFBC}") = "Win F Disconnected", "Win F Disconnected\Win F Disconnected.csproj", "{83A3655B-6A10-40A4-8419-42A3BE80F96B}"
EndProject
Global
	GlobalSection(SolutionConfigurationPlatforms) = preSolution
		Debug|Any CPU = Debug|Any CPU
		Release|Any CPU = Release|Any CPU
	EndGlobalSection
	GlobalSection(ProjectConfigurationPlatforms) = postSolution
		{83A3655B-6A10-40A4-8419-42A3BE80F96B}.Debug|Any CPU.ActiveCfg = Debug|Any CPU
		{83A3655B-6A10-40A4-8419-42A3BE80F96B}.Debug|Any CPU.Build.0 = Debug|Any CPU
		{83A3655B-6A10-40A4-8419-42A3BE80F96B}.Release|Any CPU.ActiveCfg = Release|Any CPU
		{83A3655B-6A10-40A4-8419-42A3BE80F96B}.Release|Any CPU.Build.0 = Release|Any CPU
	EndGlobalSection
	GlobalSection(SolutionProperties) = preSolution
		HideSolutionNode = FALSE
	EndGlobalSection
	GlobalSection(ExtensibilityGlobals) = postSolution
		SolutionGuid = {FE5368AC-24CF-4191-9AED-36D9FD11DE6B}
	EndGlobalSection
EndGlobal
